{
  "pins" : [
    {
      "identity" : "ggml",
      "kind" : "remoteSourceControl",
      "location" : "https://github.com/ggerganov/ggml.git",
      "state" : {
        "branch" : "release",
        "revision" : "6b14d738d9100c50c199a3b1aaa960f633904476"
      }
    },
    {
      "identity" : "llama.cpp",
      "kind" : "remoteSourceControl",
      "location" : "https://github.com/ggerganov/llama.cpp/",
      "state" : {
        "revision" : "191221178f51b6e81122c5bda0fd79620e547d07"
      }
    },
    {
      "identity" : "llm.swift",
      "kind" : "remoteSourceControl",
      "location" : "https://github.com/eastriverlee/LLM.swift",
      "state" : {
        "branch" : "pinned",
        "revision" : "a88c6569ee343f420cd406c072250ab694f9decc"
      }
    }
  ],
  "version" : 2
}
